
Microsoft Visual Studio Solution File, Format Version 12.00
# Visual Studio Version 16
VisualStudioVersion = 16.0.30204.135
MinimumVisualStudioVersion = 10.0.40219.1
Project("{FAE04EC0-301F-11D3-BF4B-00C04F79EFBC}") = "XssDemo", "XssDemo\XssDemo.csproj", "{E6C7DFB6-9A04-401D-A8DD-3B354DA59AB9}"
EndProject
Global
	GlobalSection(SolutionConfigurationPlatforms) = preSolution
		Debug|Any CPU = Debug|Any CPU
		Release|Any CPU = Release|Any CPU
	EndGlobalSection
	GlobalSection(ProjectConfigurationPlatforms) = postSolution
		{E6C7DFB6-9A04-401D-A8DD-3B354DA59AB9}.Debug|Any CPU.ActiveCfg = Debug|Any CPU
		{E6C7DFB6-9A04-401D-A8DD-3B354DA59AB9}.Debug|Any CPU.Build.0 = Debug|Any CPU
		{E6C7DFB6-9A04-401D-A8DD-3B354DA59AB9}.Release|Any CPU.ActiveCfg = Release|Any CPU
		{E6C7DFB6-9A04-401D-A8DD-3B354DA59AB9}.Release|Any CPU.Build.0 = Release|Any CPU
	EndGlobalSection
	GlobalSection(SolutionProperties) = preSolution
		HideSolutionNode = FALSE
	EndGlobalSection
	GlobalSection(ExtensibilityGlobals) = postSolution
		SolutionGuid = {6B2E57BA-34F9-4F00-883B-90D64E08D15B}
	EndGlobalSection
EndGlobal
